// !$*UTF8*$!
{
	archiveVersion = 1;
	classes = {
	};
	objectVersion = 56;
	objects = {

/* Begin PBXBuildFile section */
		6F07E1312C43FB2100CEAA44 /* SF-Pro-Rounded-Black.otf in Resources */ = {isa = PBXBuildFile; fileRef = 6F07E1302C43FB2100CEAA44 /* SF-Pro-Rounded-Black.otf */; };
		6F07E1352C440A6300CEAA44 /* FloatView.swift in Sources */ = {isa = PBXBuildFile; fileRef = 6F07E1342C440A6300CEAA44 /* FloatView.swift */; };
		6F0CECD52C4E790A00FECFA5 /* ViewExtensions.swift in Sources */ = {isa = PBXBuildFile; fileRef = 6F0CECD42C4E790A00FECFA5 /* ViewExtensions.swift */; };
		6F8640C02C457B0B00913FAA /* VTabView.swift in Sources */ = {isa = PBXBuildFile; fileRef = 6F8640BF2C457B0B00913FAA /* VTabView.swift */; };
		6F8AB2692C4951E200E602AE /* AFCamberwell-One-Regular.otf in Resources */ = {isa = PBXBuildFile; fileRef = 6F8AB2682C4951E200E602AE /* AFCamberwell-One-Regular.otf */; };
		6FB90CFF2C4A45DC001AFAA8 /* SceneDelegate.swift in Sources */ = {isa = PBXBuildFile; fileRef = 6FB90CFE2C4A45DC001AFAA8 /* SceneDelegate.swift */; };
		6FB90D012C4A47AC001AFAA8 /* AppDelegate.swift in Sources */ = {isa = PBXBuildFile; fileRef = 6FB90D002C4A47AC001AFAA8 /* AppDelegate.swift */; };
		6FD540AA2C415E9B00A74E13 /* StandByApp.swift in Sources */ = {isa = PBXBuildFile; fileRef = 6FD540A92C415E9B00A74E13 /* StandByApp.swift */; };
		6FD540AC2C415E9B00A74E13 /* ContentView.swift in Sources */ = {isa = PBXBuildFile; fileRef = 6FD540AB2C415E9B00A74E13 /* ContentView.swift */; };
		6FD540AE2C415E9B00A74E13 /* Assets.xcassets in Resources */ = {isa = PBXBuildFile; fileRef = 6FD540AD2C415E9B00A74E13 /* Assets.xcassets */; };
		6FD540B22C415E9B00A74E13 /* Preview Assets.xcassets in Resources */ = {isa = PBXBuildFile; fileRef = 6FD540B12C415E9B00A74E13 /* Preview Assets.xcassets */; };
		6FF8223F2C47E90A00BC49A6 /* TimeManager.swift in Sources */ = {isa = PBXBuildFile; fileRef = 6FF8223E2C47E90A00BC49A6 /* TimeManager.swift */; };
		6FF822412C47EBFA00BC49A6 /* NumericalView.swift in Sources */ = {isa = PBXBuildFile; fileRef = 6FF822402C47EBFA00BC49A6 /* NumericalView.swift */; };
/* End PBXBuildFile section */

/* Begin PBXFileReference section */
		6F07E12F2C43FAAF00CEAA44 /* Info.plist */ = {isa = PBXFileReference; lastKnownFileType = text.plist; path = Info.plist; sourceTree = "<group>"; };
		6F07E1302C43FB2100CEAA44 /* SF-Pro-Rounded-Black.otf */ = {isa = PBXFileReference; lastKnownFileType = file; path = "SF-Pro-Rounded-Black.otf"; sourceTree = "<group>"; };
		6F07E1342C440A6300CEAA44 /* FloatView.swift */ = {isa = PBXFileReference; lastKnownFileType = sourcecode.swift; path = FloatView.swift; sourceTree = "<group>"; };
		6F0CECD42C4E790A00FECFA5 /* ViewExtensions.swift */ = {isa = PBXFileReference; lastKnownFileType = sourcecode.swift; path = ViewExtensions.swift; sourceTree = "<group>"; };
		6F8640BF2C457B0B00913FAA /* VTabView.swift */ = {isa = PBXFileReference; fileEncoding = 4; lastKnownFileType = sourcecode.swift; path = VTabView.swift; sourceTree = "<group>"; };
		6F8AB2682C4951E200E602AE /* AFCamberwell-One-Regular.otf */ = {isa = PBXFileReference; lastKnownFileType = file; path = "AFCamberwell-One-Regular.otf"; sourceTree = "<group>"; };
		6FB90CFE2C4A45DC001AFAA8 /* SceneDelegate.swift */ = {isa = PBXFileReference; lastKnownFileType = sourcecode.swift; path = SceneDelegate.swift; sourceTree = "<group>"; };
		6FB90D002C4A47AC001AFAA8 /* AppDelegate.swift */ = {isa = PBXFileReference; lastKnownFileType = sourcecode.swift; path = AppDelegate.swift; sourceTree = "<group>"; };
		6FD540A62C415E9B00A74E13 /* StandBy.app */ = {isa = PBXFileReference; explicitFileType = wrapper.application; includeInIndex = 0; path = StandBy.app; sourceTree = BUILT_PRODUCTS_DIR; };
		6FD540A92C415E9B00A74E13 /* StandByApp.swift */ = {isa = PBXFileReference; lastKnownFileType = sourcecode.swift; path = StandByApp.swift; sourceTree = "<group>"; };
		6FD540AB2C415E9B00A74E13 /* ContentView.swift */ = {isa = PBXFileReference; lastKnownFileType = sourcecode.swift; path = ContentView.swift; sourceTree = "<group>"; };
		6FD540AD2C415E9B00A74E13 /* Assets.xcassets */ = {isa = PBXFileReference; lastKnownFileType = folder.assetcatalog; path = Assets.xcassets; sourceTree = "<group>"; };
		6FD540AF2C415E9B00A74E13 /* StandBy.entitlements */ = {isa = PBXFileReference; lastKnownFileType = text.plist.entitlements; path = StandBy.entitlements; sourceTree = "<group>"; };
		6FD540B12C415E9B00A74E13 /* Preview Assets.xcassets */ = {isa = PBXFileReference; lastKnownFileType = folder.assetcatalog; path = "Preview Assets.xcassets"; sourceTree = "<group>"; };
		6FF8223E2C47E90A00BC49A6 /* TimeManager.swift */ = {isa = PBXFileReference; lastKnownFileType = sourcecode.swift; path = TimeManager.swift; sourceTree = "<group>"; };
		6FF822402C47EBFA00BC49A6 /* NumericalView.swift */ = {isa = PBXFileReference; lastKnownFileType = sourcecode.swift; path = NumericalView.swift; sourceTree = "<group>"; };
/* End PBXFileReference section */

/* Begin PBXFrameworksBuildPhase section */
		6FD540A32C415E9B00A74E13 /* Frameworks */ = {
			isa = PBXFrameworksBuildPhase;
			buildActionMask = 2147483647;
			files = (
			);
			runOnlyForDeploymentPostprocessing = 0;
		};
/* End PBXFrameworksBuildPhase section */

/* Begin PBXGroup section */
		6F07E1322C43FB9900CEAA44 /* Fonts */ = {
			isa = PBXGroup;
			children = (
				6F8AB2682C4951E200E602AE /* AFCamberwell-One-Regular.otf */,
				6F07E1302C43FB2100CEAA44 /* SF-Pro-Rounded-Black.otf */,
			);
			path = Fonts;
			sourceTree = "<group>";
		};
		6F07E1332C43FBBC00CEAA44 /* Views */ = {
			isa = PBXGroup;
			children = (
				6F07E1342C440A6300CEAA44 /* FloatView.swift */,
				6FF822402C47EBFA00BC49A6 /* NumericalView.swift */,
			);
			path = Views;
			sourceTree = "<group>";
		};
		6FB90D022C4A4A56001AFAA8 /* Delegates */ = {
			isa = PBXGroup;
			children = (
				6FB90CFE2C4A45DC001AFAA8 /* SceneDelegate.swift */,
				6FB90D002C4A47AC001AFAA8 /* AppDelegate.swift */,
			);
			path = Delegates;
			sourceTree = "<group>";
		};
		6FD5409D2C415E9B00A74E13 = {
			isa = PBXGroup;
			children = (
				6FD540A82C415E9B00A74E13 /* StandBy */,
				6FD540A72C415E9B00A74E13 /* Products */,
			);
			sourceTree = "<group>";
		};
		6FD540A72C415E9B00A74E13 /* Products */ = {
			isa = PBXGroup;
			children = (
				6FD540A62C415E9B00A74E13 /* StandBy.app */,
			);
			name = Products;
			sourceTree = "<group>";
		};
		6FD540A82C415E9B00A74E13 /* StandBy */ = {
			isa = PBXGroup;
			children = (
				6F07E1322C43FB9900CEAA44 /* Fonts */,
				6F07E12F2C43FAAF00CEAA44 /* Info.plist */,
				6FD540A92C415E9B00A74E13 /* StandByApp.swift */,
				6FD540AB2C415E9B00A74E13 /* ContentView.swift */,
				6FF8223D2C47E8E300BC49A6 /* Extension */,
				6F07E1332C43FBBC00CEAA44 /* Views */,
				6FD540AD2C415E9B00A74E13 /* Assets.xcassets */,
				6FD540AF2C415E9B00A74E13 /* StandBy.entitlements */,
				6FD540B02C415E9B00A74E13 /* Preview Content */,
				6FB90D022C4A4A56001AFAA8 /* Delegates */,
			);
			path = StandBy;
			sourceTree = "<group>";
		};
		6FD540B02C415E9B00A74E13 /* Preview Content */ = {
			isa = PBXGroup;
			children = (
				6FD540B12C415E9B00A74E13 /* Preview Assets.xcassets */,
			);
			path = "Preview Content";
			sourceTree = "<group>";
		};
		6FF8223D2C47E8E300BC49A6 /* Extension */ = {
			isa = PBXGroup;
			children = (
				6F8640BF2C457B0B00913FAA /* VTabView.swift */,
				6FF8223E2C47E90A00BC49A6 /* TimeManager.swift */,
				6F0CECD42C4E790A00FECFA5 /* ViewExtensions.swift */,
			);
			path = Extension;
			sourceTree = "<group>";
		};
/* End PBXGroup section */

/* Begin PBXNativeTarget section */
		6FD540A52C415E9B00A74E13 /* StandBy */ = {
			isa = PBXNativeTarget;
			buildConfigurationList = 6FD540B52C415E9B00A74E13 /* Build configuration list for PBXNativeTarget "StandBy" */;
			buildPhases = (
				6FD540A22C415E9B00A74E13 /* Sources */,
				6FD540A32C415E9B00A74E13 /* Frameworks */,
				6FD540A42C415E9B00A74E13 /* Resources */,
			);
			buildRules = (
			);
			dependencies = (
			);
			name = StandBy;
			productName = StandBy;
			productReference = 6FD540A62C415E9B00A74E13 /* StandBy.app */;
			productType = "com.apple.product-type.application";
		};
/* End PBXNativeTarget section */

/* Begin PBXProject section */
		6FD5409E2C415E9B00A74E13 /* Project object */ = {
			isa = PBXProject;
			attributes = {
				BuildIndependentTargetsInParallel = 1;
				LastSwiftUpdateCheck = 1540;
				LastUpgradeCheck = 1540;
				TargetAttributes = {
					6FD540A52C415E9B00A74E13 = {
						CreatedOnToolsVersion = 15.4;
					};
				};
			};
			buildConfigurationList = 6FD540A12C415E9B00A74E13 /* Build configuration list for PBXProject "StandBy" */;
			compatibilityVersion = "Xcode 14.0";
			developmentRegion = en;
			hasScannedForEncodings = 0;
			knownRegions = (
				en,
				Base,
			);
			mainGroup = 6FD5409D2C415E9B00A74E13;
			productRefGroup = 6FD540A72C415E9B00A74E13 /* Products */;
			projectDirPath = "";
			projectRoot = "";
			targets = (
				6FD540A52C415E9B00A74E13 /* StandBy */,
			);
		};
/* End PBXProject section */

/* Begin PBXResourcesBuildPhase section */
		6FD540A42C415E9B00A74E13 /* Resources */ = {
			isa = PBXResourcesBuildPhase;
			buildActionMask = 2147483647;
			files = (
				6FD540B22C415E9B00A74E13 /* Preview Assets.xcassets in Resources */,
				6FD540AE2C415E9B00A74E13 /* Assets.xcassets in Resources */,
				6F8AB2692C4951E200E602AE /* AFCamberwell-One-Regular.otf in Resources */,
				6F07E1312C43FB2100CEAA44 /* SF-Pro-Rounded-Black.otf in Resources */,
			);
			runOnlyForDeploymentPostprocessing = 0;
		};
/* End PBXResourcesBuildPhase section */

/* Begin PBXSourcesBuildPhase section */
		6FD540A22C415E9B00A74E13 /* Sources */ = {
			isa = PBXSourcesBuildPhase;
			buildActionMask = 2147483647;
			files = (
				6FB90D012C4A47AC001AFAA8 /* AppDelegate.swift in Sources */,
				6FD540AC2C415E9B00A74E13 /* ContentView.swift in Sources */,
				6F8640C02C457B0B00913FAA /* VTabView.swift in Sources */,
				6F07E1352C440A6300CEAA44 /* FloatView.swift in Sources */,
				6F0CECD52C4E790A00FECFA5 /* ViewExtensions.swift in Sources */,
				6FF8223F2C47E90A00BC49A6 /* TimeManager.swift in Sources */,
				6FD540AA2C415E9B00A74E13 /* StandByApp.swift in Sources */,
				6FF822412C47EBFA00BC49A6 /* NumericalView.swift in Sources */,
				6FB90CFF2C4A45DC001AFAA8 /* SceneDelegate.swift in Sources */,
			);
			runOnlyForDeploymentPostprocessing = 0;
		};
/* End PBXSourcesBuildPhase section */

/* Begin XCBuildConfiguration section */
		6FD540B32C415E9B00A74E13 /* Debug */ = {
			isa = XCBuildConfiguration;
			buildSettings = {
				ALWAYS_SEARCH_USER_PATHS = NO;
				ASSETCATALOG_COMPILER_GENERATE_SWIFT_ASSET_SYMBOL_EXTENSIONS = YES;
				CLANG_ANALYZER_NONNULL = YES;
				CLANG_ANALYZER_NUMBER_OBJECT_CONVERSION = YES_AGGRESSIVE;
				CLANG_CXX_LANGUAGE_STANDARD = "gnu++20";
				CLANG_ENABLE_MODULES = YES;
				CLANG_ENABLE_OBJC_ARC = YES;
				CLANG_ENABLE_OBJC_WEAK = YES;
				CLANG_WARN_BLOCK_CAPTURE_AUTORELEASING = YES;
				CLANG_WARN_BOOL_CONVERSION = YES;
				CLANG_WARN_COMMA = YES;
				CLANG_WARN_CONSTANT_CONVERSION = YES;
				CLANG_WARN_DEPRECATED_OBJC_IMPLEMENTATIONS = YES;
				CLANG_WARN_DIRECT_OBJC_ISA_USAGE = YES_ERROR;
				CLANG_WARN_DOCUMENTATION_COMMENTS = YES;
				CLANG_WARN_EMPTY_BODY = YES;
				CLANG_WARN_ENUM_CONVERSION = YES;
				CLANG_WARN_INFINITE_RECURSION = YES;
				CLANG_WARN_INT_CONVERSION = YES;
				CLANG_WARN_NON_LITERAL_NULL_CONVERSION = YES;
				CLANG_WARN_OBJC_IMPLICIT_RETAIN_SELF = YES;
				CLANG_WARN_OBJC_LITERAL_CONVERSION = YES;
				CLANG_WARN_OBJC_ROOT_CLASS = YES_ERROR;
				CLANG_WARN_QUOTED_INCLUDE_IN_FRAMEWORK_HEADER = YES;
				CLANG_WARN_RANGE_LOOP_ANALYSIS = YES;
				CLANG_WARN_STRICT_PROTOTYPES = YES;
				CLANG_WARN_SUSPICIOUS_MOVE = YES;
				CLANG_WARN_UNGUARDED_AVAILABILITY = YES_AGGRESSIVE;
				CLANG_WARN_UNREACHABLE_CODE = YES;
				CLANG_WARN__DUPLICATE_METHOD_MATCH = YES;
				COPY_PHASE_STRIP = NO;
				DEBUG_INFORMATION_FORMAT = dwarf;
				ENABLE_STRICT_OBJC_MSGSEND = YES;
				ENABLE_TESTABILITY = YES;
				ENABLE_USER_SCRIPT_SANDBOXING = YES;
				GCC_C_LANGUAGE_STANDARD = gnu17;
				GCC_DYNAMIC_NO_PIC = NO;
				GCC_NO_COMMON_BLOCKS = YES;
				GCC_OPTIMIZATION_LEVEL = 0;
				GCC_PREPROCESSOR_DEFINITIONS = (
					"DEBUG=1",
					"$(inherited)",
				);
				GCC_WARN_64_TO_32_BIT_CONVERSION = YES;
				GCC_WARN_ABOUT_RETURN_TYPE = YES_ERROR;
				GCC_WARN_UNDECLARED_SELECTOR = YES;
				GCC_WARN_UNINITIALIZED_AUTOS = YES_AGGRESSIVE;
				GCC_WARN_UNUSED_FUNCTION = YES;
				GCC_WARN_UNUSED_VARIABLE = YES;
				LOCALIZATION_PREFERS_STRING_CATALOGS = YES;
				MTL_ENABLE_DEBUG_INFO = INCLUDE_SOURCE;
				MTL_FAST_MATH = YES;
				ONLY_ACTIVE_ARCH = YES;
				SWIFT_ACTIVE_COMPILATION_CONDITIONS = "DEBUG $(inherited)";
				SWIFT_OPTIMIZATION_LEVEL = "-Onone";
			};
			name = Debug;
		};
		6FD540B42C415E9B00A74E13 /* Release */ = {
			isa = XCBuildConfiguration;
			buildSettings = {
				ALWAYS_SEARCH_USER_PATHS = NO;
				ASSETCATALOG_COMPILER_GENERATE_SWIFT_ASSET_SYMBOL_EXTENSIONS = YES;
				CLANG_ANALYZER_NONNULL = YES;
				CLANG_ANALYZER_NUMBER_OBJECT_CONVERSION = YES_AGGRESSIVE;
				CLANG_CXX_LANGUAGE_STANDARD = "gnu++20";
				CLANG_ENABLE_MODULES = YES;
				CLANG_ENABLE_OBJC_ARC = YES;
				CLANG_ENABLE_OBJC_WEAK = YES;
				CLANG_WARN_BLOCK_CAPTURE_AUTORELEASING = YES;
				CLANG_WARN_BOOL_CONVERSION = YES;
				CLANG_WARN_COMMA = YES;
				CLANG_WARN_CONSTANT_CONVERSION = YES;
				CLANG_WARN_DEPRECATED_OBJC_IMPLEMENTATIONS = YES;
				CLANG_WARN_DIRECT_OBJC_ISA_USAGE = YES_ERROR;
				CLANG_WARN_DOCUMENTATION_COMMENTS = YES;
				CLANG_WARN_EMPTY_BODY = YES;
				CLANG_WARN_ENUM_CONVERSION = YES;
				CLANG_WARN_INFINITE_RECURSION = YES;
				CLANG_WARN_INT_CONVERSION = YES;
				CLANG_WARN_NON_LITERAL_NULL_CONVERSION = YES;
				CLANG_WARN_OBJC_IMPLICIT_RETAIN_SELF = YES;
				CLANG_WARN_OBJC_LITERAL_CONVERSION = YES;
				CLANG_WARN_OBJC_ROOT_CLASS = YES_ERROR;
				CLANG_WARN_QUOTED_INCLUDE_IN_FRAMEWORK_HEADER = YES;
				CLANG_WARN_RANGE_LOOP_ANALYSIS = YES;
				CLANG_WARN_STRICT_PROTOTYPES = YES;
				CLANG_WARN_SUSPICIOUS_MOVE = YES;
				CLANG_WARN_UNGUARDED_AVAILABILITY = YES_AGGRESSIVE;
				CLANG_WARN_UNREACHABLE_CODE = YES;
				CLANG_WARN__DUPLICATE_METHOD_MATCH = YES;
				COPY_PHASE_STRIP = NO;
				DEBUG_INFORMATION_FORMAT = "dwarf-with-dsym";
				ENABLE_NS_ASSERTIONS = NO;
				ENABLE_STRICT_OBJC_MSGSEND = YES;
				ENABLE_USER_SCRIPT_SANDBOXING = YES;
				GCC_C_LANGUAGE_STANDARD = gnu17;
				GCC_NO_COMMON_BLOCKS = YES;
				GCC_WARN_64_TO_32_BIT_CONVERSION = YES;
				GCC_WARN_ABOUT_RETURN_TYPE = YES_ERROR;
				GCC_WARN_UNDECLARED_SELECTOR = YES;
				GCC_WARN_UNINITIALIZED_AUTOS = YES_AGGRESSIVE;
				GCC_WARN_UNUSED_FUNCTION = YES;
				GCC_WARN_UNUSED_VARIABLE = YES;
				LOCALIZATION_PREFERS_STRING_CATALOGS = YES;
				MTL_ENABLE_DEBUG_INFO = NO;
				MTL_FAST_MATH = YES;
				SWIFT_COMPILATION_MODE = wholemodule;
			};
			name = Release;
		};
		6FD540B62C415E9B00A74E13 /* Debug */ = {
			isa = XCBuildConfiguration;
			buildSettings = {
				ASSETCATALOG_COMPILER_APPICON_NAME = AppIcon;
				ASSETCATALOG_COMPILER_GLOBAL_ACCENT_COLOR_NAME = AccentColor;
				CODE_SIGN_ENTITLEMENTS = StandBy/StandBy.entitlements;
				CODE_SIGN_STYLE = Automatic;
				CURRENT_PROJECT_VERSION = 1;
				DEVELOPMENT_ASSET_PATHS = "\"StandBy/Preview Content\"";
				DEVELOPMENT_TEAM = 8CB87R7VGY;
				ENABLE_HARDENED_RUNTIME = YES;
				ENABLE_PREVIEWS = YES;
				GENERATE_INFOPLIST_FILE = YES;
				INFOPLIST_FILE = StandBy/Info.plist;
				INFOPLIST_KEY_LSApplicationCategoryType = "public.app-category.utilities";
				"INFOPLIST_KEY_UIApplicationSceneManifest_Generation[sdk=iphoneos*]" = YES;
				"INFOPLIST_KEY_UIApplicationSceneManifest_Generation[sdk=iphonesimulator*]" = YES;
				"INFOPLIST_KEY_UIApplicationSupportsIndirectInputEvents[sdk=iphoneos*]" = YES;
				"INFOPLIST_KEY_UIApplicationSupportsIndirectInputEvents[sdk=iphonesimulator*]" = YES;
				"INFOPLIST_KEY_UILaunchScreen_Generation[sdk=iphoneos*]" = YES;
				"INFOPLIST_KEY_UILaunchScreen_Generation[sdk=iphonesimulator*]" = YES;
				INFOPLIST_KEY_UIRequiresFullScreen = YES;
				INFOPLIST_KEY_UIStatusBarHidden = YES;
				INFOPLIST_KEY_UIStatusBarStyle = "";
				"INFOPLIST_KEY_UIStatusBarStyle[sdk=iphoneos*]" = UIStatusBarStyleDefault;
				"INFOPLIST_KEY_UIStatusBarStyle[sdk=iphonesimulator*]" = UIStatusBarStyleDefault;
				INFOPLIST_KEY_UISupportedInterfaceOrientations = "UIInterfaceOrientationLandscapeLeft UIInterfaceOrientationLandscapeRight";
				INFOPLIST_KEY_UISupportedInterfaceOrientations_iPad = "UIInterfaceOrientationLandscapeLeft UIInterfaceOrientationLandscapeRight UIInterfaceOrientationPortrait UIInterfaceOrientationPortraitUpsideDown";
				IPHONEOS_DEPLOYMENT_TARGET = 14.0;
				LD_RUNPATH_SEARCH_PATHS = "@executable_path/Frameworks";
				"LD_RUNPATH_SEARCH_PATHS[sdk=macosx*]" = "@executable_path/../Frameworks";
				MACOSX_DEPLOYMENT_TARGET = 14.0;
				MARKETING_VERSION = 1.0;
				PRODUCT_BUNDLE_IDENTIFIER = com.mingfu.StandBy;
				PRODUCT_NAME = "$(TARGET_NAME)";
				SDKROOT = auto;
				SUPPORTED_PLATFORMS = "iphoneos iphonesimulator";
				SUPPORTS_MACCATALYST = YES;
				SWIFT_EMIT_LOC_STRINGS = YES;
				SWIFT_VERSION = 5.0;
				TARGETED_DEVICE_FAMILY = "1,2";
			};
			name = Debug;
		};
		6FD540B72C415E9B00A74E13 /* Release */ = {
			isa = XCBuildConfiguration;
			buildSettings = {
				ASSETCATALOG_COMPILER_APPICON_NAME = AppIcon;
				ASSETCATALOG_COMPILER_GLOBAL_ACCENT_COLOR_NAME = AccentColor;
				CODE_SIGN_ENTITLEMENTS = StandBy/StandBy.entitlements;
				CODE_SIGN_STYLE = Automatic;
				CURRENT_PROJECT_VERSION = 1;
				DEVELOPMENT_ASSET_PATHS = "\"StandBy/Preview Content\"";
				DEVELOPMENT_TEAM = 8CB87R7VGY;
				ENABLE_HARDENED_RUNTIME = YES;
				ENABLE_PREVIEWS = YES;
				GENERATE_INFOPLIST_FILE = YES;
				INFOPLIST_FILE = StandBy/Info.plist;
				INFOPLIST_KEY_LSApplicationCategoryType = "public.app-category.utilities";
				"INFOPLIST_KEY_UIApplicationSceneManifest_Generation[sdk=iphoneos*]" = YES;
				"INFOPLIST_KEY_UIApplicationSceneManifest_Generation[sdk=iphonesimulator*]" = YES;
				"INFOPLIST_KEY_UIApplicationSupportsIndirectInputEvents[sdk=iphoneos*]" = YES;
				"INFOPLIST_KEY_UIApplicationSupportsIndirectInputEvents[sdk=iphonesimulator*]" = YES;
				"INFOPLIST_KEY_UILaunchScreen_Generation[sdk=iphoneos*]" = YES;
				"INFOPLIST_KEY_UILaunchScreen_Generation[sdk=iphonesimulator*]" = YES;
				INFOPLIST_KEY_UIRequiresFullScreen = YES;
				INFOPLIST_KEY_UIStatusBarHidden = YES;
				INFOPLIST_KEY_UIStatusBarStyle = "";
				"INFOPLIST_KEY_UIStatusBarStyle[sdk=iphoneos*]" = UIStatusBarStyleDefault;
				"INFOPLIST_KEY_UIStatusBarStyle[sdk=iphonesimulator*]" = UIStatusBarStyleDefault;
				INFOPLIST_KEY_UISupportedInterfaceOrientations = "UIInterfaceOrientationLandscapeLeft UIInterfaceOrientationLandscapeRight";
				INFOPLIST_KEY_UISupportedInterfaceOrientations_iPad = "UIInterfaceOrientationLandscapeLeft UIInterfaceOrientationLandscapeRight UIInterfaceOrientationPortrait UIInterfaceOrientationPortraitUpsideDown";
				IPHONEOS_DEPLOYMENT_TARGET = 14.0;
				LD_RUNPATH_SEARCH_PATHS = "@executable_path/Frameworks";
				"LD_RUNPATH_SEARCH_PATHS[sdk=macosx*]" = "@executable_path/../Frameworks";
				MACOSX_DEPLOYMENT_TARGET = 14.0;
				MARKETING_VERSION = 1.0;
				PRODUCT_BUNDLE_IDENTIFIER = com.mingfu.StandBy;
				PRODUCT_NAME = "$(TARGET_NAME)";
				SDKROOT = auto;
				SUPPORTED_PLATFORMS = "iphoneos iphonesimulator";
				SUPPORTS_MACCATALYST = YES;
				SWIFT_EMIT_LOC_STRINGS = YES;
				SWIFT_VERSION = 5.0;
				TARGETED_DEVICE_FAMILY = "1,2";
			};
			name = Release;
		};
/* End XCBuildConfiguration section */

/* Begin XCConfigurationList section */
		6FD540A12C415E9B00A74E13 /* Build configuration list for PBXProject "StandBy" */ = {
			isa = XCConfigurationList;
			buildConfigurations = (
				6FD540B32C415E9B00A74E13 /* Debug */,
				6FD540B42C415E9B00A74E13 /* Release */,
			);
			defaultConfigurationIsVisible = 0;
			defaultConfigurationName = Release;
		};
		6FD540B52C415E9B00A74E13 /* Build configuration list for PBXNativeTarget "StandBy" */ = {
			isa = XCConfigurationList;
			buildConfigurations = (
				6FD540B62C415E9B00A74E13 /* Debug */,
				6FD540B72C415E9B00A74E13 /* Release */,
			);
			defaultConfigurationIsVisible = 0;
			defaultConfigurationName = Release;
		};
/* End XCConfigurationList section */
	};
	rootObject = 6FD5409E2C415E9B00A74E13 /* Project object */;
}
